
Microsoft Visual Studio Solution File, Format Version 12.00
# Visual Studio Version 16
VisualStudioVersion = 16.0.31025.194
MinimumVisualStudioVersion = 10.0.40219.1
Project("{FAE04EC0-301F-11D3-BF4B-00C04F79EFBC}") = "WinFormsHomePage1", "WinFormsHomePage1\WinFormsHomePage1.csproj", "{ECB1F715-C67E-4585-A983-31EE3DAFB98E}"
EndProject
Global
	GlobalSection(SolutionConfigurationPlatforms) = preSolution
		Debug|Any CPU = Debug|Any CPU
		Release|Any CPU = Release|Any CPU
	EndGlobalSection
	GlobalSection(ProjectConfigurationPlatforms) = postSolution
		{ECB1F715-C67E-4585-A983-31EE3DAFB98E}.Debug|Any CPU.ActiveCfg = Debug|Any CPU
		{ECB1F715-C67E-4585-A983-31EE3DAFB98E}.Debug|Any CPU.Build.0 = Debug|Any CPU
		{ECB1F715-C67E-4585-A983-31EE3DAFB98E}.Release|Any CPU.ActiveCfg = Release|Any CPU
		{ECB1F715-C67E-4585-A983-31EE3DAFB98E}.Release|Any CPU.Build.0 = Release|Any CPU
	EndGlobalSection
	GlobalSection(SolutionProperties) = preSolution
		HideSolutionNode = FALSE
	EndGlobalSection
	GlobalSection(ExtensibilityGlobals) = postSolution
		SolutionGuid = {145B0EB6-A7FC-4DF6-AF35-5F8C582E5F61}
	EndGlobalSection
EndGlobal
